// !$*UTF8*$!
{
	archiveVersion = 1;
	classes = {
	};
	objectVersion = 56;
	objects = {

/* Begin PBXBuildFile section */
		DC279CAE2B160C7900CBACA8 /* TCC_Permissions_DemoApp.swift in Sources */ = {isa = PBXBuildFile; fileRef = DC279CAD2B160C7900CBACA8 /* TCC_Permissions_DemoApp.swift */; };
		DC279CB02B160C7900CBACA8 /* ContentView.swift in Sources */ = {isa = PBXBuildFile; fileRef = DC279CAF2B160C7900CBACA8 /* ContentView.swift */; };
		DC279CB22B160C7A00CBACA8 /* Assets.xcassets in Resources */ = {isa = PBXBuildFile; fileRef = DC279CB12B160C7A00CBACA8 /* Assets.xcassets */; };
		DC279CB52B160C7A00CBACA8 /* Preview Assets.xcassets in Resources */ = {isa = PBXBuildFile; fileRef = DC279CB42B160C7A00CBACA8 /* Preview Assets.xcassets */; };
		DC279CBD2B160D1F00CBACA8 /* PermissionsCheck.swift in Sources */ = {isa = PBXBuildFile; fileRef = DC279CBC2B160D1F00CBACA8 /* PermissionsCheck.swift */; };
/* End PBXBuildFile section */

/* Begin PBXFileReference section */
		DC279CAA2B160C7900CBACA8 /* TCC Permissions Demo.app */ = {isa = PBXFileReference; explicitFileType = wrapper.application; includeInIndex = 0; path = "TCC Permissions Demo.app"; sourceTree = BUILT_PRODUCTS_DIR; };
		DC279CAD2B160C7900CBACA8 /* TCC_Permissions_DemoApp.swift */ = {isa = PBXFileReference; lastKnownFileType = sourcecode.swift; path = TCC_Permissions_DemoApp.swift; sourceTree = "<group>"; };
		DC279CAF2B160C7900CBACA8 /* ContentView.swift */ = {isa = PBXFileReference; lastKnownFileType = sourcecode.swift; path = ContentView.swift; sourceTree = "<group>"; };
		DC279CB12B160C7A00CBACA8 /* Assets.xcassets */ = {isa = PBXFileReference; lastKnownFileType = folder.assetcatalog; path = Assets.xcassets; sourceTree = "<group>"; };
		DC279CB42B160C7A00CBACA8 /* Preview Assets.xcassets */ = {isa = PBXFileReference; lastKnownFileType = folder.assetcatalog; path = "Preview Assets.xcassets"; sourceTree = "<group>"; };
		DC279CB62B160C7A00CBACA8 /* TCC_Permissions_Demo.entitlements */ = {isa = PBXFileReference; lastKnownFileType = text.plist.entitlements; path = TCC_Permissions_Demo.entitlements; sourceTree = "<group>"; };
		DC279CBC2B160D1F00CBACA8 /* PermissionsCheck.swift */ = {isa = PBXFileReference; lastKnownFileType = sourcecode.swift; path = PermissionsCheck.swift; sourceTree = "<group>"; };
/* End PBXFileReference section */

/* Begin PBXFrameworksBuildPhase section */
		DC279CA72B160C7900CBACA8 /* Frameworks */ = {
			isa = PBXFrameworksBuildPhase;
			buildActionMask = 2147483647;
			files = (
			);
			runOnlyForDeploymentPostprocessing = 0;
		};
/* End PBXFrameworksBuildPhase section */

/* Begin PBXGroup section */
		DC279CA12B160C7900CBACA8 = {
			isa = PBXGroup;
			children = (
				DC279CAC2B160C7900CBACA8 /* TCC Permissions Demo */,
				DC279CAB2B160C7900CBACA8 /* Products */,
			);
			sourceTree = "<group>";
		};
		DC279CAB2B160C7900CBACA8 /* Products */ = {
			isa = PBXGroup;
			children = (
				DC279CAA2B160C7900CBACA8 /* TCC Permissions Demo.app */,
			);
			name = Products;
			sourceTree = "<group>";
		};
		DC279CAC2B160C7900CBACA8 /* TCC Permissions Demo */ = {
			isa = PBXGroup;
			children = (
				DC279CB62B160C7A00CBACA8 /* TCC_Permissions_Demo.entitlements */,
				DC279CAF2B160C7900CBACA8 /* ContentView.swift */,
				DC279CBC2B160D1F00CBACA8 /* PermissionsCheck.swift */,
				DC279CAD2B160C7900CBACA8 /* TCC_Permissions_DemoApp.swift */,
				DC279CB12B160C7A00CBACA8 /* Assets.xcassets */,
				DC279CB32B160C7A00CBACA8 /* Preview Content */,
			);
			path = "TCC Permissions Demo";
			sourceTree = "<group>";
		};
		DC279CB32B160C7A00CBACA8 /* Preview Content */ = {
			isa = PBXGroup;
			children = (
				DC279CB42B160C7A00CBACA8 /* Preview Assets.xcassets */,
			);
			path = "Preview Content";
			sourceTree = "<group>";
		};
/* End PBXGroup section */

/* Begin PBXNativeTarget section */
		DC279CA92B160C7900CBACA8 /* TCC Permissions Demo */ = {
			isa = PBXNativeTarget;
			buildConfigurationList = DC279CB92B160C7A00CBACA8 /* Build configuration list for PBXNativeTarget "TCC Permissions Demo" */;
			buildPhases = (
				DC279CA62B160C7900CBACA8 /* Sources */,
				DC279CA72B160C7900CBACA8 /* Frameworks */,
				DC279CA82B160C7900CBACA8 /* Resources */,
			);
			buildRules = (
			);
			dependencies = (
			);
			name = "TCC Permissions Demo";
			productName = "TCC Permissions Demo";
			productReference = DC279CAA2B160C7900CBACA8 /* TCC Permissions Demo.app */;
			productType = "com.apple.product-type.application";
		};
/* End PBXNativeTarget section */

/* Begin PBXProject section */
		DC279CA22B160C7900CBACA8 /* Project object */ = {
			isa = PBXProject;
			attributes = {
				BuildIndependentTargetsInParallel = 1;
				LastSwiftUpdateCheck = 1430;
				LastUpgradeCheck = 1430;
				TargetAttributes = {
					DC279CA92B160C7900CBACA8 = {
						CreatedOnToolsVersion = 14.3.1;
					};
				};
			};
			buildConfigurationList = DC279CA52B160C7900CBACA8 /* Build configuration list for PBXProject "TCC Permissions Demo" */;
			compatibilityVersion = "Xcode 14.0";
			developmentRegion = en;
			hasScannedForEncodings = 0;
			knownRegions = (
				en,
				Base,
			);
			mainGroup = DC279CA12B160C7900CBACA8;
			productRefGroup = DC279CAB2B160C7900CBACA8 /* Products */;
			projectDirPath = "";
			projectRoot = "";
			targets = (
				DC279CA92B160C7900CBACA8 /* TCC Permissions Demo */,
			);
		};
/* End PBXProject section */

/* Begin PBXResourcesBuildPhase section */
		DC279CA82B160C7900CBACA8 /* Resources */ = {
			isa = PBXResourcesBuildPhase;
			buildActionMask = 2147483647;
			files = (
				DC279CB52B160C7A00CBACA8 /* Preview Assets.xcassets in Resources */,
				DC279CB22B160C7A00CBACA8 /* Assets.xcassets in Resources */,
			);
			runOnlyForDeploymentPostprocessing = 0;
		};
/* End PBXResourcesBuildPhase section */

/* Begin PBXSourcesBuildPhase section */
		DC279CA62B160C7900CBACA8 /* Sources */ = {
			isa = PBXSourcesBuildPhase;
			buildActionMask = 2147483647;
			files = (
				DC279CBD2B160D1F00CBACA8 /* PermissionsCheck.swift in Sources */,
				DC279CB02B160C7900CBACA8 /* ContentView.swift in Sources */,
				DC279CAE2B160C7900CBACA8 /* TCC_Permissions_DemoApp.swift in Sources */,
			);
			runOnlyForDeploymentPostprocessing = 0;
		};
/* End PBXSourcesBuildPhase section */

/* Begin XCBuildConfiguration section */
		DC279CB72B160C7A00CBACA8 /* Debug */ = {
			isa = XCBuildConfiguration;
			buildSettings = {
				ALWAYS_SEARCH_USER_PATHS = NO;
				CLANG_ANALYZER_NONNULL = YES;
				CLANG_ANALYZER_NUMBER_OBJECT_CONVERSION = YES_AGGRESSIVE;
				CLANG_CXX_LANGUAGE_STANDARD = "gnu++20";
				CLANG_ENABLE_MODULES = YES;
				CLANG_ENABLE_OBJC_ARC = YES;
				CLANG_ENABLE_OBJC_WEAK = YES;
				CLANG_WARN_BLOCK_CAPTURE_AUTORELEASING = YES;
				CLANG_WARN_BOOL_CONVERSION = YES;
				CLANG_WARN_COMMA = YES;
				CLANG_WARN_CONSTANT_CONVERSION = YES;
				CLANG_WARN_DEPRECATED_OBJC_IMPLEMENTATIONS = YES;
				CLANG_WARN_DIRECT_OBJC_ISA_USAGE = YES_ERROR;
				CLANG_WARN_DOCUMENTATION_COMMENTS = YES;
				CLANG_WARN_EMPTY_BODY = YES;
				CLANG_WARN_ENUM_CONVERSION = YES;
				CLANG_WARN_INFINITE_RECURSION = YES;
				CLANG_WARN_INT_CONVERSION = YES;
				CLANG_WARN_NON_LITERAL_NULL_CONVERSION = YES;
				CLANG_WARN_OBJC_IMPLICIT_RETAIN_SELF = YES;
				CLANG_WARN_OBJC_LITERAL_CONVERSION = YES;
				CLANG_WARN_OBJC_ROOT_CLASS = YES_ERROR;
				CLANG_WARN_QUOTED_INCLUDE_IN_FRAMEWORK_HEADER = YES;
				CLANG_WARN_RANGE_LOOP_ANALYSIS = YES;
				CLANG_WARN_STRICT_PROTOTYPES = YES;
				CLANG_WARN_SUSPICIOUS_MOVE = YES;
				CLANG_WARN_UNGUARDED_AVAILABILITY = YES_AGGRESSIVE;
				CLANG_WARN_UNREACHABLE_CODE = YES;
				CLANG_WARN__DUPLICATE_METHOD_MATCH = YES;
				COPY_PHASE_STRIP = NO;
				DEBUG_INFORMATION_FORMAT = dwarf;
				ENABLE_STRICT_OBJC_MSGSEND = YES;
				ENABLE_TESTABILITY = YES;
				GCC_C_LANGUAGE_STANDARD = gnu11;
				GCC_DYNAMIC_NO_PIC = NO;
				GCC_NO_COMMON_BLOCKS = YES;
				GCC_OPTIMIZATION_LEVEL = 0;
				GCC_PREPROCESSOR_DEFINITIONS = (
					"DEBUG=1",
					"$(inherited)",
				);
				GCC_WARN_64_TO_32_BIT_CONVERSION = YES;
				GCC_WARN_ABOUT_RETURN_TYPE = YES_ERROR;
				GCC_WARN_UNDECLARED_SELECTOR = YES;
				GCC_WARN_UNINITIALIZED_AUTOS = YES_AGGRESSIVE;
				GCC_WARN_UNUSED_FUNCTION = YES;
				GCC_WARN_UNUSED_VARIABLE = YES;
				MACOSX_DEPLOYMENT_TARGET = 13.3;
				MTL_ENABLE_DEBUG_INFO = INCLUDE_SOURCE;
				MTL_FAST_MATH = YES;
				ONLY_ACTIVE_ARCH = YES;
				SDKROOT = macosx;
				SWIFT_ACTIVE_COMPILATION_CONDITIONS = DEBUG;
				SWIFT_OPTIMIZATION_LEVEL = "-Onone";
			};
			name = Debug;
		};
		DC279CB82B160C7A00CBACA8 /* Release */ = {
			isa = XCBuildConfiguration;
			buildSettings = {
				ALWAYS_SEARCH_USER_PATHS = NO;
				CLANG_ANALYZER_NONNULL = YES;
				CLANG_ANALYZER_NUMBER_OBJECT_CONVERSION = YES_AGGRESSIVE;
				CLANG_CXX_LANGUAGE_STANDARD = "gnu++20";
				CLANG_ENABLE_MODULES = YES;
				CLANG_ENABLE_OBJC_ARC = YES;
				CLANG_ENABLE_OBJC_WEAK = YES;
				CLANG_WARN_BLOCK_CAPTURE_AUTORELEASING = YES;
				CLANG_WARN_BOOL_CONVERSION = YES;
				CLANG_WARN_COMMA = YES;
				CLANG_WARN_CONSTANT_CONVERSION = YES;
				CLANG_WARN_DEPRECATED_OBJC_IMPLEMENTATIONS = YES;
				CLANG_WARN_DIRECT_OBJC_ISA_USAGE = YES_ERROR;
				CLANG_WARN_DOCUMENTATION_COMMENTS = YES;
				CLANG_WARN_EMPTY_BODY = YES;
				CLANG_WARN_ENUM_CONVERSION = YES;
				CLANG_WARN_INFINITE_RECURSION = YES;
				CLANG_WARN_INT_CONVERSION = YES;
				CLANG_WARN_NON_LITERAL_NULL_CONVERSION = YES;
				CLANG_WARN_OBJC_IMPLICIT_RETAIN_SELF = YES;
				CLANG_WARN_OBJC_LITERAL_CONVERSION = YES;
				CLANG_WARN_OBJC_ROOT_CLASS = YES_ERROR;
				CLANG_WARN_QUOTED_INCLUDE_IN_FRAMEWORK_HEADER = YES;
				CLANG_WARN_RANGE_LOOP_ANALYSIS = YES;
				CLANG_WARN_STRICT_PROTOTYPES = YES;
				CLANG_WARN_SUSPICIOUS_MOVE = YES;
				CLANG_WARN_UNGUARDED_AVAILABILITY = YES_AGGRESSIVE;
				CLANG_WARN_UNREACHABLE_CODE = YES;
				CLANG_WARN__DUPLICATE_METHOD_MATCH = YES;
				COPY_PHASE_STRIP = NO;
				DEBUG_INFORMATION_FORMAT = "dwarf-with-dsym";
				ENABLE_NS_ASSERTIONS = NO;
				ENABLE_STRICT_OBJC_MSGSEND = YES;
				GCC_C_LANGUAGE_STANDARD = gnu11;
				GCC_NO_COMMON_BLOCKS = YES;
				GCC_WARN_64_TO_32_BIT_CONVERSION = YES;
				GCC_WARN_ABOUT_RETURN_TYPE = YES_ERROR;
				GCC_WARN_UNDECLARED_SELECTOR = YES;
				GCC_WARN_UNINITIALIZED_AUTOS = YES_AGGRESSIVE;
				GCC_WARN_UNUSED_FUNCTION = YES;
				GCC_WARN_UNUSED_VARIABLE = YES;
				MACOSX_DEPLOYMENT_TARGET = 13.3;
				MTL_ENABLE_DEBUG_INFO = NO;
				MTL_FAST_MATH = YES;
				SDKROOT = macosx;
				SWIFT_COMPILATION_MODE = wholemodule;
				SWIFT_OPTIMIZATION_LEVEL = "-O";
			};
			name = Release;
		};
		DC279CBA2B160C7A00CBACA8 /* Debug */ = {
			isa = XCBuildConfiguration;
			buildSettings = {
				ASSETCATALOG_COMPILER_APPICON_NAME = AppIcon;
				ASSETCATALOG_COMPILER_GLOBAL_ACCENT_COLOR_NAME = AccentColor;
				CODE_SIGN_ENTITLEMENTS = "TCC Permissions Demo/TCC_Permissions_Demo.entitlements";
				CODE_SIGN_STYLE = Automatic;
				COMBINE_HIDPI_IMAGES = YES;
				CURRENT_PROJECT_VERSION = 1;
				DEVELOPMENT_ASSET_PATHS = "\"TCC Permissions Demo/Preview Content\"";
				DEVELOPMENT_TEAM = X2WK5Z9VR5;
				ENABLE_HARDENED_RUNTIME = YES;
				ENABLE_PREVIEWS = YES;
				GENERATE_INFOPLIST_FILE = YES;
				INFOPLIST_KEY_NSHumanReadableCopyright = "";
				LD_RUNPATH_SEARCH_PATHS = (
					"$(inherited)",
					"@executable_path/../Frameworks",
				);
				MARKETING_VERSION = 1.0;
				PRODUCT_BUNDLE_IDENTIFIER = "co.zottmann.sandbox.TCC-Permissions-Demo";
				PRODUCT_NAME = "$(TARGET_NAME)";
				SWIFT_EMIT_LOC_STRINGS = YES;
				SWIFT_VERSION = 5.0;
			};
			name = Debug;
		};
		DC279CBB2B160C7A00CBACA8 /* Release */ = {
			isa = XCBuildConfiguration;
			buildSettings = {
				ASSETCATALOG_COMPILER_APPICON_NAME = AppIcon;
				ASSETCATALOG_COMPILER_GLOBAL_ACCENT_COLOR_NAME = AccentColor;
				CODE_SIGN_ENTITLEMENTS = "TCC Permissions Demo/TCC_Permissions_Demo.entitlements";
				CODE_SIGN_STYLE = Automatic;
				COMBINE_HIDPI_IMAGES = YES;
				CURRENT_PROJECT_VERSION = 1;
				DEVELOPMENT_ASSET_PATHS = "\"TCC Permissions Demo/Preview Content\"";
				DEVELOPMENT_TEAM = X2WK5Z9VR5;
				ENABLE_HARDENED_RUNTIME = YES;
				ENABLE_PREVIEWS = YES;
				GENERATE_INFOPLIST_FILE = YES;
				INFOPLIST_KEY_NSHumanReadableCopyright = "";
				LD_RUNPATH_SEARCH_PATHS = (
					"$(inherited)",
					"@executable_path/../Frameworks",
				);
				MARKETING_VERSION = 1.0;
				PRODUCT_BUNDLE_IDENTIFIER = "co.zottmann.sandbox.TCC-Permissions-Demo";
				PRODUCT_NAME = "$(TARGET_NAME)";
				SWIFT_EMIT_LOC_STRINGS = YES;
				SWIFT_VERSION = 5.0;
			};
			name = Release;
		};
/* End XCBuildConfiguration section */

/* Begin XCConfigurationList section */
		DC279CA52B160C7900CBACA8 /* Build configuration list for PBXProject "TCC Permissions Demo" */ = {
			isa = XCConfigurationList;
			buildConfigurations = (
				DC279CB72B160C7A00CBACA8 /* Debug */,
				DC279CB82B160C7A00CBACA8 /* Release */,
			);
			defaultConfigurationIsVisible = 0;
			defaultConfigurationName = Release;
		};
		DC279CB92B160C7A00CBACA8 /* Build configuration list for PBXNativeTarget "TCC Permissions Demo" */ = {
			isa = XCConfigurationList;
			buildConfigurations = (
				DC279CBA2B160C7A00CBACA8 /* Debug */,
				DC279CBB2B160C7A00CBACA8 /* Release */,
			);
			defaultConfigurationIsVisible = 0;
			defaultConfigurationName = Release;
		};
/* End XCConfigurationList section */
	};
	rootObject = DC279CA22B160C7900CBACA8 /* Project object */;
}
